
Microsoft Visual Studio Solution File, Format Version 12.00
# Visual Studio 14
VisualStudioVersion = 14.0.25123.0
MinimumVisualStudioVersion = 10.0.40219.1
Project("{FAE04EC0-301F-11D3-BF4B-00C04F79EFBC}") = "WpfApplication1", "WpfApplication1\WpfApplication1.csproj", "{34034B7A-CCDF-4ABD-A268-E86C17E4A15F}"
EndProject
Global
	GlobalSection(SolutionConfigurationPlatforms) = preSolution
		Debug|Any CPU = Debug|Any CPU
		Release|Any CPU = Release|Any CPU
	EndGlobalSection
	GlobalSection(ProjectConfigurationPlatforms) = postSolution
		{34034B7A-CCDF-4ABD-A268-E86C17E4A15F}.Debug|Any CPU.ActiveCfg = Debug|Any CPU
		{34034B7A-CCDF-4ABD-A268-E86C17E4A15F}.Debug|Any CPU.Build.0 = Debug|Any CPU
		{34034B7A-CCDF-4ABD-A268-E86C17E4A15F}.Release|Any CPU.ActiveCfg = Release|Any CPU
		{34034B7A-CCDF-4ABD-A268-E86C17E4A15F}.Release|Any CPU.Build.0 = Release|Any CPU
	EndGlobalSection
	GlobalSection(SolutionProperties) = preSolution
		HideSolutionNode = FALSE
	EndGlobalSection
EndGlobal
